
Microsoft Visual Studio Solution File, Format Version 12.00
# Visual Studio Version 17
VisualStudioVersion = 17.4.33205.214
MinimumVisualStudioVersion = 10.0.40219.1
Project("{9A19103F-16F7-4668-BE54-9A1E7A4F7556}") = "NoteMaker.API", "NoteMaker.API\NoteMaker.API.csproj", "{56A6231C-35CA-41C7-BFA2-C2996CDF5C52}"
EndProject
Project("{9A19103F-16F7-4668-BE54-9A1E7A4F7556}") = "NoteMaker.API.Model", "NoteMaker.API.Model\NoteMaker.API.Model.csproj", "{7EFA3ED1-EFC2-48E8-B6E4-CD51807E7766}"
EndProject
Project("{9A19103F-16F7-4668-BE54-9A1E7A4F7556}") = "NoteMaker.API.Service", "NoteMaker.API.Service\NoteMaker.API.Service.csproj", "{C136DA16-A72A-4D3A-853D-5CDC1E991744}"
EndProject
Project("{9A19103F-16F7-4668-BE54-9A1E7A4F7556}") = "NoteMaker.API.DAL", "NoteMaker.API.DAL\NoteMaker.API.DAL.csproj", "{CA360790-D5E7-4D8B-8016-FEF2EB5DD462}"
EndProject
Project("{9A19103F-16F7-4668-BE54-9A1E7A4F7556}") = "NoteMaker.API.Utility", "NoteMaker.API.Utility\NoteMaker.API.Utility.csproj", "{E9AF8A3D-FA44-4929-8EA1-A67B2E012253}"
EndProject
Project("{FAE04EC0-301F-11D3-BF4B-00C04F79EFBC}") = "NoteMaker.API.Tests", "NoteMaker.API.Tests\NoteMaker.API.Tests.csproj", "{07B98B9D-5C72-4612-B977-71ABBC8499E0}"
EndProject
Global
	GlobalSection(SolutionConfigurationPlatforms) = preSolution
		Debug|Any CPU = Debug|Any CPU
		Release|Any CPU = Release|Any CPU
	EndGlobalSection
	GlobalSection(ProjectConfigurationPlatforms) = postSolution
		{56A6231C-35CA-41C7-BFA2-C2996CDF5C52}.Debug|Any CPU.ActiveCfg = Debug|Any CPU
		{56A6231C-35CA-41C7-BFA2-C2996CDF5C52}.Debug|Any CPU.Build.0 = Debug|Any CPU
		{56A6231C-35CA-41C7-BFA2-C2996CDF5C52}.Release|Any CPU.ActiveCfg = Release|Any CPU
		{56A6231C-35CA-41C7-BFA2-C2996CDF5C52}.Release|Any CPU.Build.0 = Release|Any CPU
		{7EFA3ED1-EFC2-48E8-B6E4-CD51807E7766}.Debug|Any CPU.ActiveCfg = Debug|Any CPU
		{7EFA3ED1-EFC2-48E8-B6E4-CD51807E7766}.Debug|Any CPU.Build.0 = Debug|Any CPU
		{7EFA3ED1-EFC2-48E8-B6E4-CD51807E7766}.Release|Any CPU.ActiveCfg = Release|Any CPU
		{7EFA3ED1-EFC2-48E8-B6E4-CD51807E7766}.Release|Any CPU.Build.0 = Release|Any CPU
		{C136DA16-A72A-4D3A-853D-5CDC1E991744}.Debug|Any CPU.ActiveCfg = Debug|Any CPU
		{C136DA16-A72A-4D3A-853D-5CDC1E991744}.Debug|Any CPU.Build.0 = Debug|Any CPU
		{C136DA16-A72A-4D3A-853D-5CDC1E991744}.Release|Any CPU.ActiveCfg = Release|Any CPU
		{C136DA16-A72A-4D3A-853D-5CDC1E991744}.Release|Any CPU.Build.0 = Release|Any CPU
		{CA360790-D5E7-4D8B-8016-FEF2EB5DD462}.Debug|Any CPU.ActiveCfg = Debug|Any CPU
		{CA360790-D5E7-4D8B-8016-FEF2EB5DD462}.Debug|Any CPU.Build.0 = Debug|Any CPU
		{CA360790-D5E7-4D8B-8016-FEF2EB5DD462}.Release|Any CPU.ActiveCfg = Release|Any CPU
		{CA360790-D5E7-4D8B-8016-FEF2EB5DD462}.Release|Any CPU.Build.0 = Release|Any CPU
		{E9AF8A3D-FA44-4929-8EA1-A67B2E012253}.Debug|Any CPU.ActiveCfg = Debug|Any CPU
		{E9AF8A3D-FA44-4929-8EA1-A67B2E012253}.Debug|Any CPU.Build.0 = Debug|Any CPU
		{E9AF8A3D-FA44-4929-8EA1-A67B2E012253}.Release|Any CPU.ActiveCfg = Release|Any CPU
		{E9AF8A3D-FA44-4929-8EA1-A67B2E012253}.Release|Any CPU.Build.0 = Release|Any CPU
		{07B98B9D-5C72-4612-B977-71ABBC8499E0}.Debug|Any CPU.ActiveCfg = Debug|Any CPU
		{07B98B9D-5C72-4612-B977-71ABBC8499E0}.Debug|Any CPU.Build.0 = Debug|Any CPU
		{07B98B9D-5C72-4612-B977-71ABBC8499E0}.Release|Any CPU.ActiveCfg = Release|Any CPU
		{07B98B9D-5C72-4612-B977-71ABBC8499E0}.Release|Any CPU.Build.0 = Release|Any CPU
	EndGlobalSection
	GlobalSection(SolutionProperties) = preSolution
		HideSolutionNode = FALSE
	EndGlobalSection
	GlobalSection(ExtensibilityGlobals) = postSolution
		SolutionGuid = {55D8881D-45C8-4229-ACF1-780BE1DC172C}
	EndGlobalSection
EndGlobal
